
Microsoft Visual Studio Solution File, Format Version 12.00
# Visual Studio 15
VisualStudioVersion = 15.0.28307.779
MinimumVisualStudioVersion = 10.0.40219.1
Project("{8BC9CEB8-8B4A-11D0-8D11-00A0C91BC942}") = "CS580HW5", "CS580HW5.vcxproj", "{EA9B3716-23D1-4B75-806A-A104848346B3}"
EndProject
Global
	GlobalSection(SolutionConfigurationPlatforms) = preSolution
		Debug|x86 = Debug|x86
		Release|x86 = Release|x86
	EndGlobalSection
	GlobalSection(ProjectConfigurationPlatforms) = postSolution
		{EA9B3716-23D1-4B75-806A-A104848346B3}.Debug|x86.ActiveCfg = Debug|Win32
		{EA9B3716-23D1-4B75-806A-A104848346B3}.Debug|x86.Build.0 = Debug|Win32
		{EA9B3716-23D1-4B75-806A-A104848346B3}.Release|x86.ActiveCfg = Release|Win32
		{EA9B3716-23D1-4B75-806A-A104848346B3}.Release|x86.Build.0 = Release|Win32
	EndGlobalSection
	GlobalSection(SolutionProperties) = preSolution
		HideSolutionNode = FALSE
	EndGlobalSection
	GlobalSection(ExtensibilityGlobals) = postSolution
		SolutionGuid = {513A2130-4F00-4A0F-92E1-38C8F8F82E71}
	EndGlobalSection
EndGlobal
